{
  "name": "kristin-spencer-wedding",
  "version": "1.0.0",
  "lockfileVersion": 2,
  "requires": true,
  "packages": {
    "": {
      "name": "kristin-spencer-wedding",
      "version": "1.0.0",
      "license": "ISC",
      "dependencies": {
        "@iframe-resizer/parent": "^5.3.3"
      }
    },
    "node_modules/@iframe-resizer/core": {
      "version": "5.3.3",
      "resolved": "https://registry.npmjs.org/@iframe-resizer/core/-/core-5.3.3.tgz",
      "integrity": "sha512-DnR8PwoG5Nmv8Xgzop39cIRMeOg3bLsvsApw+LlKqfmN6I8miUAlFXB+vpuYm62l/jWjaQ6r8sTsvBHBof8Esg==",
      "funding": {
        "type": "individual",
        "url": "https://iframe-resizer.com/pricing/"
      }
    },
    "node_modules/@iframe-resizer/parent": {
      "version": "5.3.3",
      "resolved": "https://registry.npmjs.org/@iframe-resizer/parent/-/parent-5.3.3.tgz",
      "integrity": "sha512-iLB3Vf7PbO9RwPAsPz0YZyGNFcqEqG4F2R6xJPLOSvclpgUwuNpkCeF+JtM9K8gYQ8Ox8bxUvEvGLdD0yjak5A==",
      "dependencies": {
        "@iframe-resizer/core": "5.3.3"
      },
      "funding": {
        "type": "individual",
        "url": "https://iframe-resizer.com/pricing/"
      }
    }
  },
  "dependencies": {
    "@iframe-resizer/core": {
      "version": "5.3.3",
      "resolved": "https://registry.npmjs.org/@iframe-resizer/core/-/core-5.3.3.tgz",
      "integrity": "sha512-DnR8PwoG5Nmv8Xgzop39cIRMeOg3bLsvsApw+LlKqfmN6I8miUAlFXB+vpuYm62l/jWjaQ6r8sTsvBHBof8Esg=="
    },
    "@iframe-resizer/parent": {
      "version": "5.3.3",
      "resolved": "https://registry.npmjs.org/@iframe-resizer/parent/-/parent-5.3.3.tgz",
      "integrity": "sha512-iLB3Vf7PbO9RwPAsPz0YZyGNFcqEqG4F2R6xJPLOSvclpgUwuNpkCeF+JtM9K8gYQ8Ox8bxUvEvGLdD0yjak5A==",
      "requires": {
        "@iframe-resizer/core": "5.3.3"
      }
    }
  }
}
